
Microsoft Visual Studio Solution File, Format Version 12.00
# Visual Studio 15
VisualStudioVersion = 15.0.28307.645
MinimumVisualStudioVersion = 10.0.40219.1
Project("{FAE04EC0-301F-11D3-BF4B-00C04F79EFBC}") = "EmailManager", "EmailManager\EmailManager.csproj", "{FBA609A5-2C45-4631-9D0D-6CACEC223360}"
EndProject
Global
	GlobalSection(SolutionConfigurationPlatforms) = preSolution
		Debug|Any CPU = Debug|Any CPU
		Release|Any CPU = Release|Any CPU
	EndGlobalSection
	GlobalSection(ProjectConfigurationPlatforms) = postSolution
		{FBA609A5-2C45-4631-9D0D-6CACEC223360}.Debug|Any CPU.ActiveCfg = Debug|Any CPU
		{FBA609A5-2C45-4631-9D0D-6CACEC223360}.Debug|Any CPU.Build.0 = Debug|Any CPU
		{FBA609A5-2C45-4631-9D0D-6CACEC223360}.Release|Any CPU.ActiveCfg = Release|Any CPU
		{FBA609A5-2C45-4631-9D0D-6CACEC223360}.Release|Any CPU.Build.0 = Release|Any CPU
	EndGlobalSection
	GlobalSection(SolutionProperties) = preSolution
		HideSolutionNode = FALSE
	EndGlobalSection
	GlobalSection(ExtensibilityGlobals) = postSolution
		SolutionGuid = {29F06173-0159-4B6E-AF7D-B9AB2DAC970C}
	EndGlobalSection
EndGlobal
