
Microsoft Visual Studio Solution File, Format Version 12.00
# Visual Studio Version 16
VisualStudioVersion = 16.0.29201.188
MinimumVisualStudioVersion = 10.0.40219.1
Project("{FAE04EC0-301F-11D3-BF4B-00C04F79EFBC}") = "TagsApp", "TagsApp\TagsApp.csproj", "{721DC137-EE25-495E-A83C-0457C3BBCBC9}"
EndProject
Global
	GlobalSection(SolutionConfigurationPlatforms) = preSolution
		Debug|Any CPU = Debug|Any CPU
		Release|Any CPU = Release|Any CPU
	EndGlobalSection
	GlobalSection(ProjectConfigurationPlatforms) = postSolution
		{721DC137-EE25-495E-A83C-0457C3BBCBC9}.Debug|Any CPU.ActiveCfg = Debug|Any CPU
		{721DC137-EE25-495E-A83C-0457C3BBCBC9}.Debug|Any CPU.Build.0 = Debug|Any CPU
		{721DC137-EE25-495E-A83C-0457C3BBCBC9}.Release|Any CPU.ActiveCfg = Release|Any CPU
		{721DC137-EE25-495E-A83C-0457C3BBCBC9}.Release|Any CPU.Build.0 = Release|Any CPU
	EndGlobalSection
	GlobalSection(SolutionProperties) = preSolution
		HideSolutionNode = FALSE
	EndGlobalSection
	GlobalSection(ExtensibilityGlobals) = postSolution
		SolutionGuid = {2FB1F17A-3E07-45EC-8784-FD71EAEC50FD}
	EndGlobalSection
EndGlobal
